
Microsoft Visual Studio Solution File, Format Version 12.00
# Visual Studio Version 17
VisualStudioVersion = 17.14.37012.4 d17.14
MinimumVisualStudioVersion = 10.0.40219.1
Project("{FAE04EC0-301F-11D3-BF4B-00C04F79EFBC}") = "HandyLink.WebApi", "HandyLink.WebApi\HandyLink.WebApi.csproj", "{DD407E37-58A3-4E15-855A-41584F0F193F}"
EndProject
Project("{FAE04EC0-301F-11D3-BF4B-00C04F79EFBC}") = "HandyLink.Services", "HandyLink.Services\HandyLink.Services.csproj", "{330F5C90-DE2F-43A3-AF12-2440D65E0332}"
EndProject
Project("{FAE04EC0-301F-11D3-BF4B-00C04F79EFBC}") = "HandyLink.Model", "HandyLink.Model\HandyLink.Model.csproj", "{2D08F4CF-480E-4A2B-86C4-43EC754D9106}"
EndProject
Global
	GlobalSection(SolutionConfigurationPlatforms) = preSolution
		Debug|Any CPU = Debug|Any CPU
		Release|Any CPU = Release|Any CPU
	EndGlobalSection
	GlobalSection(ProjectConfigurationPlatforms) = postSolution
		{DD407E37-58A3-4E15-855A-41584F0F193F}.Debug|Any CPU.ActiveCfg = Debug|Any CPU
		{DD407E37-58A3-4E15-855A-41584F0F193F}.Debug|Any CPU.Build.0 = Debug|Any CPU
		{DD407E37-58A3-4E15-855A-41584F0F193F}.Release|Any CPU.ActiveCfg = Release|Any CPU
		{DD407E37-58A3-4E15-855A-41584F0F193F}.Release|Any CPU.Build.0 = Release|Any CPU
		{330F5C90-DE2F-43A3-AF12-2440D65E0332}.Debug|Any CPU.ActiveCfg = Debug|Any CPU
		{330F5C90-DE2F-43A3-AF12-2440D65E0332}.Debug|Any CPU.Build.0 = Debug|Any CPU
		{330F5C90-DE2F-43A3-AF12-2440D65E0332}.Release|Any CPU.ActiveCfg = Release|Any CPU
		{330F5C90-DE2F-43A3-AF12-2440D65E0332}.Release|Any CPU.Build.0 = Release|Any CPU
		{2D08F4CF-480E-4A2B-86C4-43EC754D9106}.Debug|Any CPU.ActiveCfg = Debug|Any CPU
		{2D08F4CF-480E-4A2B-86C4-43EC754D9106}.Debug|Any CPU.Build.0 = Debug|Any CPU
		{2D08F4CF-480E-4A2B-86C4-43EC754D9106}.Release|Any CPU.ActiveCfg = Release|Any CPU
		{2D08F4CF-480E-4A2B-86C4-43EC754D9106}.Release|Any CPU.Build.0 = Release|Any CPU
	EndGlobalSection
	GlobalSection(SolutionProperties) = preSolution
		HideSolutionNode = FALSE
	EndGlobalSection
	GlobalSection(ExtensibilityGlobals) = postSolution
		SolutionGuid = {ADE8BD97-B8BF-4649-90B8-EC8F1034DADC}
	EndGlobalSection
EndGlobal
